
Microsoft Visual Studio Solution File, Format Version 12.00
# Visual Studio Version 17
VisualStudioVersion = 17.4.33103.184
MinimumVisualStudioVersion = 10.0.40219.1
Project("{FAE04EC0-301F-11D3-BF4B-00C04F79EFBC}") = "aoc2022_6", "aoc2022_6.csproj", "{E996B843-DCB6-45C9-AA93-48AEBE51500B}"
EndProject
Global
	GlobalSection(SolutionConfigurationPlatforms) = preSolution
		Debug|Any CPU = Debug|Any CPU
		Release|Any CPU = Release|Any CPU
	EndGlobalSection
	GlobalSection(ProjectConfigurationPlatforms) = postSolution
		{E996B843-DCB6-45C9-AA93-48AEBE51500B}.Debug|Any CPU.ActiveCfg = Debug|Any CPU
		{E996B843-DCB6-45C9-AA93-48AEBE51500B}.Debug|Any CPU.Build.0 = Debug|Any CPU
		{E996B843-DCB6-45C9-AA93-48AEBE51500B}.Release|Any CPU.ActiveCfg = Release|Any CPU
		{E996B843-DCB6-45C9-AA93-48AEBE51500B}.Release|Any CPU.Build.0 = Release|Any CPU
	EndGlobalSection
	GlobalSection(SolutionProperties) = preSolution
		HideSolutionNode = FALSE
	EndGlobalSection
	GlobalSection(ExtensibilityGlobals) = postSolution
		SolutionGuid = {73126663-4F5F-4A1F-B756-EF15ABE4909B}
	EndGlobalSection
EndGlobal
